
Microsoft Visual Studio Solution File, Format Version 12.00
# Visual Studio Version 16
VisualStudioVersion = 16.0.29123.88
MinimumVisualStudioVersion = 10.0.40219.1
Project("{E24C65DC-7377-472B-9ABA-BC803B73C61A}") = "www.concertjs.com", "http://localhost:2047", "{CFF757D7-A1C4-48F0-B19E-5530FF6E8F5C}"
	ProjectSection(WebsiteProperties) = preProject
		UseIISExpress = "true"
		TargetFrameworkMoniker = ".NETFramework,Version%3Dv4.5"
		Debug.AspNetCompiler.VirtualPath = "/localhost_2047"
		Debug.AspNetCompiler.PhysicalPath = "www.concertjs.com\"
		Debug.AspNetCompiler.TargetPath = "PrecompiledWeb\localhost_2047\"
		Debug.AspNetCompiler.Updateable = "true"
		Debug.AspNetCompiler.ForceOverwrite = "true"
		Debug.AspNetCompiler.FixedNames = "false"
		Debug.AspNetCompiler.Debug = "True"
		Release.AspNetCompiler.VirtualPath = "/localhost_2047"
		Release.AspNetCompiler.PhysicalPath = "www.concertjs.com\"
		Release.AspNetCompiler.TargetPath = "PrecompiledWeb\localhost_2047\"
		Release.AspNetCompiler.Updateable = "true"
		Release.AspNetCompiler.ForceOverwrite = "true"
		Release.AspNetCompiler.FixedNames = "false"
		Release.AspNetCompiler.Debug = "False"
		SlnRelativePath = "www.concertjs.com\"
		DefaultWebSiteLanguage = "Visual C#"
	EndProjectSection
EndProject
Project("{2150E333-8FDC-42A3-9474-1A3956D46DE8}") = "Solution Items", "Solution Items", "{A42850B2-1051-443C-A66F-9D16F993BB2C}"
	ProjectSection(SolutionItems) = preProject
		Gruntfile.js = Gruntfile.js
		jsdoc.bat = jsdoc.bat
		package.json = package.json
	EndProjectSection
EndProject
Global
	GlobalSection(SolutionConfigurationPlatforms) = preSolution
		Debug|Any CPU = Debug|Any CPU
	EndGlobalSection
	GlobalSection(ProjectConfigurationPlatforms) = postSolution
		{CFF757D7-A1C4-48F0-B19E-5530FF6E8F5C}.Debug|Any CPU.ActiveCfg = Debug|Any CPU
		{CFF757D7-A1C4-48F0-B19E-5530FF6E8F5C}.Debug|Any CPU.Build.0 = Debug|Any CPU
	EndGlobalSection
	GlobalSection(SolutionProperties) = preSolution
		HideSolutionNode = FALSE
	EndGlobalSection
	GlobalSection(ExtensibilityGlobals) = postSolution
		SolutionGuid = {E9CD2142-4D73-4E3A-BF45-040970E86870}
	EndGlobalSection
EndGlobal
